
Microsoft Visual Studio Solution File, Format Version 12.00
# Visual Studio Version 16
VisualStudioVersion = 25.0.1706.12
MinimumVisualStudioVersion = 10.0.40219.1
Project("{FAE04EC0-301F-11D3-BF4B-00C04F79EFBC}") = "Fiorello-API", "Fiorello-API\Fiorello-API.csproj", "{BFFE2452-3129-42ED-9C19-982F28BAB6AD}"
EndProject
Global
	GlobalSection(SolutionConfigurationPlatforms) = preSolution
		Debug|Any CPU = Debug|Any CPU
		Release|Any CPU = Release|Any CPU
	EndGlobalSection
	GlobalSection(ProjectConfigurationPlatforms) = postSolution
		{BFFE2452-3129-42ED-9C19-982F28BAB6AD}.Debug|Any CPU.ActiveCfg = Debug|Any CPU
		{BFFE2452-3129-42ED-9C19-982F28BAB6AD}.Debug|Any CPU.Build.0 = Debug|Any CPU
		{BFFE2452-3129-42ED-9C19-982F28BAB6AD}.Release|Any CPU.ActiveCfg = Release|Any CPU
		{BFFE2452-3129-42ED-9C19-982F28BAB6AD}.Release|Any CPU.Build.0 = Release|Any CPU
	EndGlobalSection
	GlobalSection(SolutionProperties) = preSolution
		HideSolutionNode = FALSE
	EndGlobalSection
	GlobalSection(ExtensibilityGlobals) = postSolution
		SolutionGuid = {D179EE31-572F-4088-A92A-6EEEB5B9EF58}
	EndGlobalSection
EndGlobal
